
Microsoft Visual Studio Solution File, Format Version 12.00
# Visual Studio Version 16
VisualStudioVersion = 16.0.28315.86
MinimumVisualStudioVersion = 10.0.40219.1
Project("{2150E333-8FDC-42A3-9474-1A3956D46DE8}") = "Engine", "Engine", "{88F265D9-F7D9-4DDB-B040-5A6F80A18D26}"
EndProject
Project("{2150E333-8FDC-42A3-9474-1A3956D46DE8}") = "Games", "Games", "{40CE613A-4FC6-4146-BF5B-4D033DC7D7D4}"
EndProject
Project("{8BC9CEB8-8B4A-11D0-8D11-00A0C91BC942}") = "UE4", "Intermediate\ProjectFiles\UE4.vcxproj", "{DAC36FA7-7CB9-480C-A6F8-0101F649B0C9}"
EndProject
Project("{8BC9CEB8-8B4A-11D0-8D11-00A0C91BC942}") = "GameDevTVJam", "Intermediate\ProjectFiles\GameDevTVJam.vcxproj", "{265AE780-1E61-468C-A316-403AFC09E520}"
EndProject
Project("{2150E333-8FDC-42A3-9474-1A3956D46DE8}") = "Visualizers", "Visualizers", "{57B58338-6923-413B-B61E-840966A66A9D}"
	ProjectSection(SolutionItems) = preProject
		..\..\..\..\..\Program Files\Epic Games\UE_4.24\Engine\Extras\VisualStudioDebugging\UE4.natvis = ..\..\..\..\..\Program Files\Epic Games\UE_4.24\Engine\Extras\VisualStudioDebugging\UE4.natvis
	EndProjectSection
EndProject
Global
	GlobalSection(SolutionConfigurationPlatforms) = preSolution
		DebugGame Editor|Win32 = DebugGame Editor|Win32
		DebugGame Editor|Win64 = DebugGame Editor|Win64
		DebugGame|Win32 = DebugGame|Win32
		DebugGame|Win64 = DebugGame|Win64
		Development Editor|Win32 = Development Editor|Win32
		Development Editor|Win64 = Development Editor|Win64
		Development|Win32 = Development|Win32
		Development|Win64 = Development|Win64
		Shipping|Win32 = Shipping|Win32
		Shipping|Win64 = Shipping|Win64
	EndGlobalSection
	GlobalSection(ProjectConfigurationPlatforms) = postSolution
		{DAC36FA7-7CB9-480C-A6F8-0101F649B0C9}.DebugGame Editor|Win32.ActiveCfg = BuiltWithUnrealBuildTool|Win32
		{DAC36FA7-7CB9-480C-A6F8-0101F649B0C9}.DebugGame Editor|Win64.ActiveCfg = BuiltWithUnrealBuildTool|Win32
		{DAC36FA7-7CB9-480C-A6F8-0101F649B0C9}.DebugGame|Win32.ActiveCfg = BuiltWithUnrealBuildTool|Win32
		{DAC36FA7-7CB9-480C-A6F8-0101F649B0C9}.DebugGame|Win64.ActiveCfg = BuiltWithUnrealBuildTool|Win32
		{DAC36FA7-7CB9-480C-A6F8-0101F649B0C9}.Development Editor|Win32.ActiveCfg = BuiltWithUnrealBuildTool|Win32
		{DAC36FA7-7CB9-480C-A6F8-0101F649B0C9}.Development Editor|Win64.ActiveCfg = BuiltWithUnrealBuildTool|Win32
		{DAC36FA7-7CB9-480C-A6F8-0101F649B0C9}.Development|Win32.ActiveCfg = BuiltWithUnrealBuildTool|Win32
		{DAC36FA7-7CB9-480C-A6F8-0101F649B0C9}.Development|Win64.ActiveCfg = BuiltWithUnrealBuildTool|Win32
		{DAC36FA7-7CB9-480C-A6F8-0101F649B0C9}.Shipping|Win32.ActiveCfg = BuiltWithUnrealBuildTool|Win32
		{DAC36FA7-7CB9-480C-A6F8-0101F649B0C9}.Shipping|Win64.ActiveCfg = BuiltWithUnrealBuildTool|Win32
		{265AE780-1E61-468C-A316-403AFC09E520}.DebugGame Editor|Win32.ActiveCfg = Invalid|Win32
		{265AE780-1E61-468C-A316-403AFC09E520}.DebugGame Editor|Win64.ActiveCfg = DebugGame_Editor|x64
		{265AE780-1E61-468C-A316-403AFC09E520}.DebugGame Editor|Win64.Build.0 = DebugGame_Editor|x64
		{265AE780-1E61-468C-A316-403AFC09E520}.DebugGame|Win32.ActiveCfg = DebugGame|Win32
		{265AE780-1E61-468C-A316-403AFC09E520}.DebugGame|Win32.Build.0 = DebugGame|Win32
		{265AE780-1E61-468C-A316-403AFC09E520}.DebugGame|Win64.ActiveCfg = DebugGame|x64
		{265AE780-1E61-468C-A316-403AFC09E520}.DebugGame|Win64.Build.0 = DebugGame|x64
		{265AE780-1E61-468C-A316-403AFC09E520}.Development Editor|Win32.ActiveCfg = Invalid|Win32
		{265AE780-1E61-468C-A316-403AFC09E520}.Development Editor|Win64.ActiveCfg = Development_Editor|x64
		{265AE780-1E61-468C-A316-403AFC09E520}.Development Editor|Win64.Build.0 = Development_Editor|x64
		{265AE780-1E61-468C-A316-403AFC09E520}.Development|Win32.ActiveCfg = Development|Win32
		{265AE780-1E61-468C-A316-403AFC09E520}.Development|Win32.Build.0 = Development|Win32
		{265AE780-1E61-468C-A316-403AFC09E520}.Development|Win64.ActiveCfg = Development|x64
		{265AE780-1E61-468C-A316-403AFC09E520}.Development|Win64.Build.0 = Development|x64
		{265AE780-1E61-468C-A316-403AFC09E520}.Shipping|Win32.ActiveCfg = Shipping|Win32
		{265AE780-1E61-468C-A316-403AFC09E520}.Shipping|Win32.Build.0 = Shipping|Win32
		{265AE780-1E61-468C-A316-403AFC09E520}.Shipping|Win64.ActiveCfg = Shipping|x64
		{265AE780-1E61-468C-A316-403AFC09E520}.Shipping|Win64.Build.0 = Shipping|x64
	EndGlobalSection
	GlobalSection(SolutionProperties) = preSolution
		HideSolutionNode = FALSE
	EndGlobalSection
	GlobalSection(NestedProjects) = preSolution
		{DAC36FA7-7CB9-480C-A6F8-0101F649B0C9} = {88F265D9-F7D9-4DDB-B040-5A6F80A18D26}
		{265AE780-1E61-468C-A316-403AFC09E520} = {40CE613A-4FC6-4146-BF5B-4D033DC7D7D4}
	EndGlobalSection
EndGlobal
